
Microsoft Visual Studio Solution File, Format Version 12.00
# Visual Studio Version 17
VisualStudioVersion = 17.3.32929.385
MinimumVisualStudioVersion = 10.0.40219.1
Project("{9A19103F-16F7-4668-BE54-9A1E7A4F7556}") = "rent", "rent.csproj", "{82BF6CD8-CE74-4A01-A7A2-A08BF7ABDB33}"
EndProject
Project("{FAE04EC0-301F-11D3-BF4B-00C04F79EFBC}") = "rent-UnitTest", "..\rent-UnitTest\rent-UnitTests\rent-UnitTest.csproj", "{DED9371C-F788-420A-975D-2FA5107F49EE}"
EndProject
Global
	GlobalSection(SolutionConfigurationPlatforms) = preSolution
		Debug|Any CPU = Debug|Any CPU
		Release|Any CPU = Release|Any CPU
	EndGlobalSection
	GlobalSection(ProjectConfigurationPlatforms) = postSolution
		{82BF6CD8-CE74-4A01-A7A2-A08BF7ABDB33}.Debug|Any CPU.ActiveCfg = Debug|Any CPU
		{82BF6CD8-CE74-4A01-A7A2-A08BF7ABDB33}.Debug|Any CPU.Build.0 = Debug|Any CPU
		{82BF6CD8-CE74-4A01-A7A2-A08BF7ABDB33}.Release|Any CPU.ActiveCfg = Release|Any CPU
		{82BF6CD8-CE74-4A01-A7A2-A08BF7ABDB33}.Release|Any CPU.Build.0 = Release|Any CPU
		{DED9371C-F788-420A-975D-2FA5107F49EE}.Debug|Any CPU.ActiveCfg = Debug|Any CPU
		{DED9371C-F788-420A-975D-2FA5107F49EE}.Debug|Any CPU.Build.0 = Debug|Any CPU
		{DED9371C-F788-420A-975D-2FA5107F49EE}.Release|Any CPU.ActiveCfg = Release|Any CPU
		{DED9371C-F788-420A-975D-2FA5107F49EE}.Release|Any CPU.Build.0 = Release|Any CPU
	EndGlobalSection
	GlobalSection(SolutionProperties) = preSolution
		HideSolutionNode = FALSE
	EndGlobalSection
	GlobalSection(ExtensibilityGlobals) = postSolution
		SolutionGuid = {41CA1396-F650-4C0D-99BF-CB962AB07D82}
	EndGlobalSection
EndGlobal
